
Microsoft Visual Studio Solution File, Format Version 12.00
# Visual Studio Version 17
VisualStudioVersion = 17.10.34916.146
MinimumVisualStudioVersion = 10.0.40219.1
Project("{FAE04EC0-301F-11D3-BF4B-00C04F79EFBC}") = "HW_SP_1.1", "HW_SP_1.1.csproj", "{7B1E0246-7382-451F-A0D8-E7FE4222CB97}"
EndProject
Global
	GlobalSection(SolutionConfigurationPlatforms) = preSolution
		Debug|Any CPU = Debug|Any CPU
		Release|Any CPU = Release|Any CPU
	EndGlobalSection
	GlobalSection(ProjectConfigurationPlatforms) = postSolution
		{7B1E0246-7382-451F-A0D8-E7FE4222CB97}.Debug|Any CPU.ActiveCfg = Debug|Any CPU
		{7B1E0246-7382-451F-A0D8-E7FE4222CB97}.Debug|Any CPU.Build.0 = Debug|Any CPU
		{7B1E0246-7382-451F-A0D8-E7FE4222CB97}.Release|Any CPU.ActiveCfg = Release|Any CPU
		{7B1E0246-7382-451F-A0D8-E7FE4222CB97}.Release|Any CPU.Build.0 = Release|Any CPU
	EndGlobalSection
	GlobalSection(SolutionProperties) = preSolution
		HideSolutionNode = FALSE
	EndGlobalSection
	GlobalSection(ExtensibilityGlobals) = postSolution
		SolutionGuid = {E394DB86-EC06-4C59-9C34-79C43C972D64}
	EndGlobalSection
EndGlobal
